
Microsoft Visual Studio Solution File, Format Version 12.00
# Visual Studio 2012
Project("{FAE04EC0-301F-11D3-BF4B-00C04F79EFBC}") = "Cources10(IO)", "Cources10(IO)\Cources10(IO).csproj", "{A514583C-78F3-4322-B3E3-1DAA0157D364}"
EndProject
Global
	GlobalSection(SolutionConfigurationPlatforms) = preSolution
		Debug|Any CPU = Debug|Any CPU
		Release|Any CPU = Release|Any CPU
	EndGlobalSection
	GlobalSection(ProjectConfigurationPlatforms) = postSolution
		{A514583C-78F3-4322-B3E3-1DAA0157D364}.Debug|Any CPU.ActiveCfg = Debug|Any CPU
		{A514583C-78F3-4322-B3E3-1DAA0157D364}.Debug|Any CPU.Build.0 = Debug|Any CPU
		{A514583C-78F3-4322-B3E3-1DAA0157D364}.Release|Any CPU.ActiveCfg = Release|Any CPU
		{A514583C-78F3-4322-B3E3-1DAA0157D364}.Release|Any CPU.Build.0 = Release|Any CPU
	EndGlobalSection
	GlobalSection(SolutionProperties) = preSolution
		HideSolutionNode = FALSE
	EndGlobalSection
EndGlobal
